
Microsoft Visual Studio Solution File, Format Version 12.00
# Visual Studio Version 18
VisualStudioVersion = 18.6.11819.183
MinimumVisualStudioVersion = 10.0.40219.1
Project("{FAE04EC0-301F-11D3-BF4B-00C04F79EFBC}") = "APIperson", "teste\APIperson.csproj", "{D55AC78F-A39A-4F16-9A7E-BFE5F8ED1BDE}"
EndProject
Global
	GlobalSection(SolutionConfigurationPlatforms) = preSolution
		Debug|Any CPU = Debug|Any CPU
		Release|Any CPU = Release|Any CPU
	EndGlobalSection
	GlobalSection(ProjectConfigurationPlatforms) = postSolution
		{D55AC78F-A39A-4F16-9A7E-BFE5F8ED1BDE}.Debug|Any CPU.ActiveCfg = Debug|Any CPU
		{D55AC78F-A39A-4F16-9A7E-BFE5F8ED1BDE}.Debug|Any CPU.Build.0 = Debug|Any CPU
		{D55AC78F-A39A-4F16-9A7E-BFE5F8ED1BDE}.Release|Any CPU.ActiveCfg = Release|Any CPU
		{D55AC78F-A39A-4F16-9A7E-BFE5F8ED1BDE}.Release|Any CPU.Build.0 = Release|Any CPU
	EndGlobalSection
	GlobalSection(SolutionProperties) = preSolution
		HideSolutionNode = FALSE
	EndGlobalSection
	GlobalSection(ExtensibilityGlobals) = postSolution
		SolutionGuid = {605822EF-7D73-48F7-A52D-290197086690}
	EndGlobalSection
EndGlobal
